// !$*UTF8*$!
{
	archiveVersion = 1;
	classes = {
	};
	objectVersion = 56;
	objects = {

/* Begin PBXBuildFile section */
		A910FECF2991D0AF008BF0BE /* Assets.xcassets in Resources */ = {isa = PBXBuildFile; fileRef = A910FECE2991D0AF008BF0BE /* Assets.xcassets */; };
		A910FED32991D2BE008BF0BE /* GoogleService-Info.plist in Resources */ = {isa = PBXBuildFile; fileRef = A910FED22991D2BE008BF0BE /* GoogleService-Info.plist */; };
		A92438482990E68E0087B108 /* ProfileView.swift in Sources */ = {isa = PBXBuildFile; fileRef = A92438472990E68E0087B108 /* ProfileView.swift */; };
		A924384B2990FF160087B108 /* UsefulProfileViewContent.swift in Sources */ = {isa = PBXBuildFile; fileRef = A924384A2990FF160087B108 /* UsefulProfileViewContent.swift */; };
		A924384E299101390087B108 /* SDWebImageSwiftUI in Frameworks */ = {isa = PBXBuildFile; productRef = A924384D299101390087B108 /* SDWebImageSwiftUI */; };
		A924385029913BF40087B108 /* CreateNewPost.swift in Sources */ = {isa = PBXBuildFile; fileRef = A924384F29913BF40087B108 /* CreateNewPost.swift */; };
		A924385229913C150087B108 /* Post.swift in Sources */ = {isa = PBXBuildFile; fileRef = A924385129913C150087B108 /* Post.swift */; };
		A9243856299160E60087B108 /* PostsView.swift in Sources */ = {isa = PBXBuildFile; fileRef = A9243855299160E60087B108 /* PostsView.swift */; };
		A924385829916A210087B108 /* PostFeedView.swift in Sources */ = {isa = PBXBuildFile; fileRef = A924385729916A210087B108 /* PostFeedView.swift */; };
		A924385A299174360087B108 /* PostCardView.swift in Sources */ = {isa = PBXBuildFile; fileRef = A9243859299174360087B108 /* PostCardView.swift */; };
		A924385C2991A3EF0087B108 /* SearchUserView.swift in Sources */ = {isa = PBXBuildFile; fileRef = A924385B2991A3EF0087B108 /* SearchUserView.swift */; };
		A95746052990396D000F4292 /* LoadingView.swift in Sources */ = {isa = PBXBuildFile; fileRef = A95746042990396D000F4292 /* LoadingView.swift */; };
		A9574607299043C5000F4292 /* UserDefaults.swift in Sources */ = {isa = PBXBuildFile; fileRef = A9574606299043C5000F4292 /* UserDefaults.swift */; };
		A957460E29906BE6000F4292 /* MainView.swift in Sources */ = {isa = PBXBuildFile; fileRef = A957460D29906BE6000F4292 /* MainView.swift */; };
		A965B3C629901DCE00794C86 /* User.swift in Sources */ = {isa = PBXBuildFile; fileRef = A965B3C529901DCE00794C86 /* User.swift */; };
		A9726A4429952DC900A26ABC /* PersonalCardView.swift in Sources */ = {isa = PBXBuildFile; fileRef = A9726A4329952DC900A26ABC /* PersonalCardView.swift */; };
		A9726A5929962AB700A26ABC /* FirebaseAuth in Frameworks */ = {isa = PBXBuildFile; productRef = A9726A5829962AB700A26ABC /* FirebaseAuth */; };
		A9726A5B29962AB700A26ABC /* FirebaseFirestore in Frameworks */ = {isa = PBXBuildFile; productRef = A9726A5A29962AB700A26ABC /* FirebaseFirestore */; };
		A9726A5D29962AB700A26ABC /* FirebaseFirestoreSwift-Beta in Frameworks */ = {isa = PBXBuildFile; productRef = A9726A5C29962AB700A26ABC /* FirebaseFirestoreSwift-Beta */; };
		A9726A5F29962AB700A26ABC /* FirebaseStorage in Frameworks */ = {isa = PBXBuildFile; productRef = A9726A5E29962AB700A26ABC /* FirebaseStorage */; };
		A9E5E52F298EDE5E0065F434 /* SwiftuiSocialMediaProjectApp.swift in Sources */ = {isa = PBXBuildFile; fileRef = A9E5E52E298EDE5E0065F434 /* SwiftuiSocialMediaProjectApp.swift */; };
		A9E5E531298EDE5E0065F434 /* ContentView.swift in Sources */ = {isa = PBXBuildFile; fileRef = A9E5E530298EDE5E0065F434 /* ContentView.swift */; };
		A9E5E536298EDE600065F434 /* Preview Assets.xcassets in Resources */ = {isa = PBXBuildFile; fileRef = A9E5E535298EDE600065F434 /* Preview Assets.xcassets */; };
		A9E5E544298EE2D50065F434 /* LoginPage.swift in Sources */ = {isa = PBXBuildFile; fileRef = A9E5E543298EE2D50065F434 /* LoginPage.swift */; };
		A9E5E547298EE50B0065F434 /* View.swift in Sources */ = {isa = PBXBuildFile; fileRef = A9E5E546298EE50B0065F434 /* View.swift */; };
		A9E5E549298EFCF00065F434 /* ImagePicker.swift in Sources */ = {isa = PBXBuildFile; fileRef = A9E5E548298EFCF00065F434 /* ImagePicker.swift */; };
		A9E5E54D298F03B60065F434 /* SignUpPage.swift in Sources */ = {isa = PBXBuildFile; fileRef = A9E5E54C298F03B60065F434 /* SignUpPage.swift */; };
		A9E82C532992EDF700617DCF /* TechnologyLogo.swift in Sources */ = {isa = PBXBuildFile; fileRef = A9E82C522992EDF700617DCF /* TechnologyLogo.swift */; };
		A9E82C562992EEDE00617DCF /* TechnologyPicker.swift in Sources */ = {isa = PBXBuildFile; fileRef = A9E82C552992EEDE00617DCF /* TechnologyPicker.swift */; };
		A9E82C582993001C00617DCF /* TechnologyPickerViewModel.swift in Sources */ = {isa = PBXBuildFile; fileRef = A9E82C572993001C00617DCF /* TechnologyPickerViewModel.swift */; };
		A9F41A9E29944619006882B8 /* SearchBarView.swift in Sources */ = {isa = PBXBuildFile; fileRef = A9F41A9D29944619006882B8 /* SearchBarView.swift */; };
		A9FA305B29931BE6009C3B8F /* PhotosUIPicker.swift in Sources */ = {isa = PBXBuildFile; fileRef = A9FA305A29931BE6009C3B8F /* PhotosUIPicker.swift */; };
		A9FA30622993C13E009C3B8F /* PostFeedViewModel.swift in Sources */ = {isa = PBXBuildFile; fileRef = A9FA30612993C13E009C3B8F /* PostFeedViewModel.swift */; };
		A9FA30662993EB95009C3B8F /* PersonalFeed.swift in Sources */ = {isa = PBXBuildFile; fileRef = A9FA30652993EB95009C3B8F /* PersonalFeed.swift */; };
		A9FA30692993EF40009C3B8F /* PersonalFeedViewModel.swift in Sources */ = {isa = PBXBuildFile; fileRef = A9FA30682993EF40009C3B8F /* PersonalFeedViewModel.swift */; };
/* End PBXBuildFile section */

/* Begin PBXFileReference section */
		A910FECE2991D0AF008BF0BE /* Assets.xcassets */ = {isa = PBXFileReference; lastKnownFileType = folder.assetcatalog; name = Assets.xcassets; path = ShareTech/Assets.xcassets; sourceTree = "<group>"; };
		A910FED22991D2BE008BF0BE /* GoogleService-Info.plist */ = {isa = PBXFileReference; fileEncoding = 4; lastKnownFileType = text.plist.xml; path = "GoogleService-Info.plist"; sourceTree = "<group>"; };
		A92438472990E68E0087B108 /* ProfileView.swift */ = {isa = PBXFileReference; lastKnownFileType = sourcecode.swift; path = ProfileView.swift; sourceTree = "<group>"; };
		A924384A2990FF160087B108 /* UsefulProfileViewContent.swift */ = {isa = PBXFileReference; lastKnownFileType = sourcecode.swift; path = UsefulProfileViewContent.swift; sourceTree = "<group>"; };
		A924384F29913BF40087B108 /* CreateNewPost.swift */ = {isa = PBXFileReference; lastKnownFileType = sourcecode.swift; path = CreateNewPost.swift; sourceTree = "<group>"; };
		A924385129913C150087B108 /* Post.swift */ = {isa = PBXFileReference; lastKnownFileType = sourcecode.swift; path = Post.swift; sourceTree = "<group>"; };
		A9243855299160E60087B108 /* PostsView.swift */ = {isa = PBXFileReference; lastKnownFileType = sourcecode.swift; path = PostsView.swift; sourceTree = "<group>"; };
		A924385729916A210087B108 /* PostFeedView.swift */ = {isa = PBXFileReference; lastKnownFileType = sourcecode.swift; path = PostFeedView.swift; sourceTree = "<group>"; };
		A9243859299174360087B108 /* PostCardView.swift */ = {isa = PBXFileReference; lastKnownFileType = sourcecode.swift; path = PostCardView.swift; sourceTree = "<group>"; };
		A924385B2991A3EF0087B108 /* SearchUserView.swift */ = {isa = PBXFileReference; lastKnownFileType = sourcecode.swift; path = SearchUserView.swift; sourceTree = "<group>"; };
		A95746042990396D000F4292 /* LoadingView.swift */ = {isa = PBXFileReference; lastKnownFileType = sourcecode.swift; path = LoadingView.swift; sourceTree = "<group>"; };
		A9574606299043C5000F4292 /* UserDefaults.swift */ = {isa = PBXFileReference; lastKnownFileType = sourcecode.swift; path = UserDefaults.swift; sourceTree = "<group>"; };
		A957460D29906BE6000F4292 /* MainView.swift */ = {isa = PBXFileReference; lastKnownFileType = sourcecode.swift; path = MainView.swift; sourceTree = "<group>"; };
		A965B3C529901DCE00794C86 /* User.swift */ = {isa = PBXFileReference; lastKnownFileType = sourcecode.swift; path = User.swift; sourceTree = "<group>"; };
		A9726A4329952DC900A26ABC /* PersonalCardView.swift */ = {isa = PBXFileReference; lastKnownFileType = sourcecode.swift; path = PersonalCardView.swift; sourceTree = "<group>"; };
		A9E5E52B298EDE5E0065F434 /* ShareTech.app */ = {isa = PBXFileReference; explicitFileType = wrapper.application; includeInIndex = 0; path = ShareTech.app; sourceTree = BUILT_PRODUCTS_DIR; };
		A9E5E52E298EDE5E0065F434 /* SwiftuiSocialMediaProjectApp.swift */ = {isa = PBXFileReference; lastKnownFileType = sourcecode.swift; name = SwiftuiSocialMediaProjectApp.swift; path = ShareTech/SwiftuiSocialMediaProjectApp.swift; sourceTree = "<group>"; };
		A9E5E530298EDE5E0065F434 /* ContentView.swift */ = {isa = PBXFileReference; lastKnownFileType = sourcecode.swift; name = ContentView.swift; path = ShareTech/ContentView.swift; sourceTree = "<group>"; };
		A9E5E535298EDE600065F434 /* Preview Assets.xcassets */ = {isa = PBXFileReference; lastKnownFileType = folder.assetcatalog; path = "Preview Assets.xcassets"; sourceTree = "<group>"; };
		A9E5E543298EE2D50065F434 /* LoginPage.swift */ = {isa = PBXFileReference; lastKnownFileType = sourcecode.swift; path = LoginPage.swift; sourceTree = "<group>"; };
		A9E5E546298EE50B0065F434 /* View.swift */ = {isa = PBXFileReference; lastKnownFileType = sourcecode.swift; path = View.swift; sourceTree = "<group>"; };
		A9E5E548298EFCF00065F434 /* ImagePicker.swift */ = {isa = PBXFileReference; fileEncoding = 4; lastKnownFileType = sourcecode.swift; path = ImagePicker.swift; sourceTree = "<group>"; };
		A9E5E54C298F03B60065F434 /* SignUpPage.swift */ = {isa = PBXFileReference; lastKnownFileType = sourcecode.swift; path = SignUpPage.swift; sourceTree = "<group>"; };
		A9E82C522992EDF700617DCF /* TechnologyLogo.swift */ = {isa = PBXFileReference; lastKnownFileType = sourcecode.swift; path = TechnologyLogo.swift; sourceTree = "<group>"; };
		A9E82C552992EEDE00617DCF /* TechnologyPicker.swift */ = {isa = PBXFileReference; lastKnownFileType = sourcecode.swift; path = TechnologyPicker.swift; sourceTree = "<group>"; };
		A9E82C572993001C00617DCF /* TechnologyPickerViewModel.swift */ = {isa = PBXFileReference; lastKnownFileType = sourcecode.swift; path = TechnologyPickerViewModel.swift; sourceTree = "<group>"; };
		A9F41A9D29944619006882B8 /* SearchBarView.swift */ = {isa = PBXFileReference; lastKnownFileType = sourcecode.swift; path = SearchBarView.swift; sourceTree = "<group>"; };
		A9FA305A29931BE6009C3B8F /* PhotosUIPicker.swift */ = {isa = PBXFileReference; lastKnownFileType = sourcecode.swift; path = PhotosUIPicker.swift; sourceTree = "<group>"; };
		A9FA30612993C13E009C3B8F /* PostFeedViewModel.swift */ = {isa = PBXFileReference; lastKnownFileType = sourcecode.swift; path = PostFeedViewModel.swift; sourceTree = "<group>"; };
		A9FA30652993EB95009C3B8F /* PersonalFeed.swift */ = {isa = PBXFileReference; lastKnownFileType = sourcecode.swift; path = PersonalFeed.swift; sourceTree = "<group>"; };
		A9FA30682993EF40009C3B8F /* PersonalFeedViewModel.swift */ = {isa = PBXFileReference; lastKnownFileType = sourcecode.swift; path = PersonalFeedViewModel.swift; sourceTree = "<group>"; };
/* End PBXFileReference section */

/* Begin PBXFrameworksBuildPhase section */
		A9E5E528298EDE5E0065F434 /* Frameworks */ = {
			isa = PBXFrameworksBuildPhase;
			buildActionMask = 2147483647;
			files = (
				A924384E299101390087B108 /* SDWebImageSwiftUI in Frameworks */,
				A9726A5D29962AB700A26ABC /* FirebaseFirestoreSwift-Beta in Frameworks */,
				A9726A5929962AB700A26ABC /* FirebaseAuth in Frameworks */,
				A9726A5F29962AB700A26ABC /* FirebaseStorage in Frameworks */,
				A9726A5B29962AB700A26ABC /* FirebaseFirestore in Frameworks */,
			);
			runOnlyForDeploymentPostprocessing = 0;
		};
/* End PBXFrameworksBuildPhase section */

/* Begin PBXGroup section */
		A957460929906565000F4292 /* Login */ = {
			isa = PBXGroup;
			children = (
				A9E5E54C298F03B60065F434 /* SignUpPage.swift */,
				A9E5E543298EE2D50065F434 /* LoginPage.swift */,
			);
			path = Login;
			sourceTree = "<group>";
		};
		A957460A29906589000F4292 /* UsefulComponentViews */ = {
			isa = PBXGroup;
			children = (
				A9E82C542992EE2D00617DCF /* CustomTechnologyPicker */,
				A9F41A9D29944619006882B8 /* SearchBarView.swift */,
				A924385B2991A3EF0087B108 /* SearchUserView.swift */,
				A95746042990396D000F4292 /* LoadingView.swift */,
				A924384A2990FF160087B108 /* UsefulProfileViewContent.swift */,
			);
			name = UsefulComponentViews;
			path = ShareTech/UsefulComponentViews;
			sourceTree = "<group>";
		};
		A957460B299065F3000F4292 /* UtilityClasses */ = {
			isa = PBXGroup;
			children = (
				A9FA305A29931BE6009C3B8F /* PhotosUIPicker.swift */,
				A9E5E548298EFCF00065F434 /* ImagePicker.swift */,
			);
			name = UtilityClasses;
			path = ShareTech/UtilityClasses;
			sourceTree = "<group>";
		};
		A957460C29906620000F4292 /* MainView */ = {
			isa = PBXGroup;
			children = (
				A957460D29906BE6000F4292 /* MainView.swift */,
				A92438472990E68E0087B108 /* ProfileView.swift */,
				A9243855299160E60087B108 /* PostsView.swift */,
			);
			path = MainView;
			sourceTree = "<group>";
		};
		A9E53D712996C253005C1DAE /* VM_For_PostFeed */ = {
			isa = PBXGroup;
			children = (
				A9FA30682993EF40009C3B8F /* PersonalFeedViewModel.swift */,
				A9FA30612993C13E009C3B8F /* PostFeedViewModel.swift */,
			);
			path = VM_For_PostFeed;
			sourceTree = "<group>";
		};
		A9E53D722996C2A2005C1DAE /* PersonalFeedSetUp */ = {
			isa = PBXGroup;
			children = (
				A9726A4329952DC900A26ABC /* PersonalCardView.swift */,
				A9FA30652993EB95009C3B8F /* PersonalFeed.swift */,
			);
			path = PersonalFeedSetUp;
			sourceTree = "<group>";
		};
		A9E53D732996C315005C1DAE /* PostFeedSetup */ = {
			isa = PBXGroup;
			children = (
				A9243859299174360087B108 /* PostCardView.swift */,
				A924385729916A210087B108 /* PostFeedView.swift */,
			);
			path = PostFeedSetup;
			sourceTree = "<group>";
		};
		A9E53D742996C35C005C1DAE /* CreateNewPostSetUp */ = {
			isa = PBXGroup;
			children = (
				A924384F29913BF40087B108 /* CreateNewPost.swift */,
			);
			path = CreateNewPostSetUp;
			sourceTree = "<group>";
		};
		A9E5E522298EDE5E0065F434 = {
			isa = PBXGroup;
			children = (
				A9E5E52D298EDE5E0065F434 /* ShareTech */,
				A9E5E52C298EDE5E0065F434 /* Products */,
				A9E5E54E298FA6C90065F434 /* Frameworks */,
			);
			sourceTree = "<group>";
		};
		A9E5E52C298EDE5E0065F434 /* Products */ = {
			isa = PBXGroup;
			children = (
				A9E5E52B298EDE5E0065F434 /* ShareTech.app */,
			);
			name = Products;
			sourceTree = "<group>";
		};
		A9E5E52D298EDE5E0065F434 /* ShareTech */ = {
			isa = PBXGroup;
			children = (
				A9FA30602993C123009C3B8F /* ViewModel */,
				A957460B299065F3000F4292 /* UtilityClasses */,
				A957460A29906589000F4292 /* UsefulComponentViews */,
				A9E5E545298EE4FF0065F434 /* Extension */,
				A9E5E542298EE0CA0065F434 /* Model */,
				A9E5E541298EE0C40065F434 /* View */,
				A9E5E52E298EDE5E0065F434 /* SwiftuiSocialMediaProjectApp.swift */,
				A9E5E530298EDE5E0065F434 /* ContentView.swift */,
				A910FED22991D2BE008BF0BE /* GoogleService-Info.plist */,
				A910FECE2991D0AF008BF0BE /* Assets.xcassets */,
				A9E5E534298EDE600065F434 /* Preview Content */,
			);
			name = ShareTech;
			sourceTree = "<group>";
		};
		A9E5E534298EDE600065F434 /* Preview Content */ = {
			isa = PBXGroup;
			children = (
				A9E5E535298EDE600065F434 /* Preview Assets.xcassets */,
			);
			name = "Preview Content";
			path = "ShareTech/Preview Content";
			sourceTree = "<group>";
		};
		A9E5E541298EE0C40065F434 /* View */ = {
			isa = PBXGroup;
			children = (
				A9E53D742996C35C005C1DAE /* CreateNewPostSetUp */,
				A9E53D732996C315005C1DAE /* PostFeedSetup */,
				A9E53D722996C2A2005C1DAE /* PersonalFeedSetUp */,
				A957460C29906620000F4292 /* MainView */,
				A957460929906565000F4292 /* Login */,
			);
			name = View;
			path = ShareTech/View;
			sourceTree = "<group>";
		};
		A9E5E542298EE0CA0065F434 /* Model */ = {
			isa = PBXGroup;
			children = (
				A965B3C529901DCE00794C86 /* User.swift */,
				A924385129913C150087B108 /* Post.swift */,
			);
			name = Model;
			path = ShareTech/Model;
			sourceTree = "<group>";
		};
		A9E5E545298EE4FF0065F434 /* Extension */ = {
			isa = PBXGroup;
			children = (
				A9E5E546298EE50B0065F434 /* View.swift */,
				A9574606299043C5000F4292 /* UserDefaults.swift */,
			);
			name = Extension;
			path = ShareTech/Extension;
			sourceTree = "<group>";
		};
		A9E5E54E298FA6C90065F434 /* Frameworks */ = {
			isa = PBXGroup;
			children = (
			);
			name = Frameworks;
			sourceTree = "<group>";
		};
		A9E82C542992EE2D00617DCF /* CustomTechnologyPicker */ = {
			isa = PBXGroup;
			children = (
				A9E82C522992EDF700617DCF /* TechnologyLogo.swift */,
				A9E82C552992EEDE00617DCF /* TechnologyPicker.swift */,
				A9E82C572993001C00617DCF /* TechnologyPickerViewModel.swift */,
			);
			path = CustomTechnologyPicker;
			sourceTree = "<group>";
		};
		A9FA30602993C123009C3B8F /* ViewModel */ = {
			isa = PBXGroup;
			children = (
				A9E53D712996C253005C1DAE /* VM_For_PostFeed */,
			);
			path = ViewModel;
			sourceTree = "<group>";
		};
/* End PBXGroup section */

/* Begin PBXNativeTarget section */
		A9E5E52A298EDE5E0065F434 /* ShareTech */ = {
			isa = PBXNativeTarget;
			buildConfigurationList = A9E5E539298EDE600065F434 /* Build configuration list for PBXNativeTarget "ShareTech" */;
			buildPhases = (
				A9E5E527298EDE5E0065F434 /* Sources */,
				A9E5E528298EDE5E0065F434 /* Frameworks */,
				A9E5E529298EDE5E0065F434 /* Resources */,
			);
			buildRules = (
			);
			dependencies = (
			);
			name = ShareTech;
			packageProductDependencies = (
				A924384D299101390087B108 /* SDWebImageSwiftUI */,
				A9726A5829962AB700A26ABC /* FirebaseAuth */,
				A9726A5A29962AB700A26ABC /* FirebaseFirestore */,
				A9726A5C29962AB700A26ABC /* FirebaseFirestoreSwift-Beta */,
				A9726A5E29962AB700A26ABC /* FirebaseStorage */,
			);
			productName = SwiftuiSocialMediaProject;
			productReference = A9E5E52B298EDE5E0065F434 /* ShareTech.app */;
			productType = "com.apple.product-type.application";
		};
/* End PBXNativeTarget section */

/* Begin PBXProject section */
		A9E5E523298EDE5E0065F434 /* Project object */ = {
			isa = PBXProject;
			attributes = {
				BuildIndependentTargetsInParallel = 1;
				LastSwiftUpdateCheck = 1420;
				LastUpgradeCheck = 1420;
				TargetAttributes = {
					A9E5E52A298EDE5E0065F434 = {
						CreatedOnToolsVersion = 14.2;
					};
				};
			};
			buildConfigurationList = A9E5E526298EDE5E0065F434 /* Build configuration list for PBXProject "ShareTech" */;
			compatibilityVersion = "Xcode 14.0";
			developmentRegion = en;
			hasScannedForEncodings = 0;
			knownRegions = (
				en,
				Base,
			);
			mainGroup = A9E5E522298EDE5E0065F434;
			packageReferences = (
				A924384C299101390087B108 /* XCRemoteSwiftPackageReference "SDWebImageSwiftUI" */,
				A9726A5729962AB700A26ABC /* XCRemoteSwiftPackageReference "firebase-ios-sdk" */,
			);
			productRefGroup = A9E5E52C298EDE5E0065F434 /* Products */;
			projectDirPath = "";
			projectRoot = "";
			targets = (
				A9E5E52A298EDE5E0065F434 /* ShareTech */,
			);
		};
/* End PBXProject section */

/* Begin PBXResourcesBuildPhase section */
		A9E5E529298EDE5E0065F434 /* Resources */ = {
			isa = PBXResourcesBuildPhase;
			buildActionMask = 2147483647;
			files = (
				A910FECF2991D0AF008BF0BE /* Assets.xcassets in Resources */,
				A910FED32991D2BE008BF0BE /* GoogleService-Info.plist in Resources */,
				A9E5E536298EDE600065F434 /* Preview Assets.xcassets in Resources */,
			);
			runOnlyForDeploymentPostprocessing = 0;
		};
/* End PBXResourcesBuildPhase section */

/* Begin PBXSourcesBuildPhase section */
		A9E5E527298EDE5E0065F434 /* Sources */ = {
			isa = PBXSourcesBuildPhase;
			buildActionMask = 2147483647;
			files = (
				A924384B2990FF160087B108 /* UsefulProfileViewContent.swift in Sources */,
				A9E82C562992EEDE00617DCF /* TechnologyPicker.swift in Sources */,
				A9E5E54D298F03B60065F434 /* SignUpPage.swift in Sources */,
				A924385829916A210087B108 /* PostFeedView.swift in Sources */,
				A924385C2991A3EF0087B108 /* SearchUserView.swift in Sources */,
				A9FA30662993EB95009C3B8F /* PersonalFeed.swift in Sources */,
				A9726A4429952DC900A26ABC /* PersonalCardView.swift in Sources */,
				A9E5E547298EE50B0065F434 /* View.swift in Sources */,
				A9E5E531298EDE5E0065F434 /* ContentView.swift in Sources */,
				A924385A299174360087B108 /* PostCardView.swift in Sources */,
				A924385029913BF40087B108 /* CreateNewPost.swift in Sources */,
				A924385229913C150087B108 /* Post.swift in Sources */,
				A957460E29906BE6000F4292 /* MainView.swift in Sources */,
				A9E5E549298EFCF00065F434 /* ImagePicker.swift in Sources */,
				A9FA305B29931BE6009C3B8F /* PhotosUIPicker.swift in Sources */,
				A9243856299160E60087B108 /* PostsView.swift in Sources */,
				A9E82C582993001C00617DCF /* TechnologyPickerViewModel.swift in Sources */,
				A9E5E544298EE2D50065F434 /* LoginPage.swift in Sources */,
				A9FA30622993C13E009C3B8F /* PostFeedViewModel.swift in Sources */,
				A9E82C532992EDF700617DCF /* TechnologyLogo.swift in Sources */,
				A9FA30692993EF40009C3B8F /* PersonalFeedViewModel.swift in Sources */,
				A9574607299043C5000F4292 /* UserDefaults.swift in Sources */,
				A95746052990396D000F4292 /* LoadingView.swift in Sources */,
				A9F41A9E29944619006882B8 /* SearchBarView.swift in Sources */,
				A9E5E52F298EDE5E0065F434 /* SwiftuiSocialMediaProjectApp.swift in Sources */,
				A92438482990E68E0087B108 /* ProfileView.swift in Sources */,
				A965B3C629901DCE00794C86 /* User.swift in Sources */,
			);
			runOnlyForDeploymentPostprocessing = 0;
		};
/* End PBXSourcesBuildPhase section */

/* Begin XCBuildConfiguration section */
		A9E5E537298EDE600065F434 /* Debug */ = {
			isa = XCBuildConfiguration;
			buildSettings = {
				ALWAYS_SEARCH_USER_PATHS = NO;
				CLANG_ANALYZER_NONNULL = YES;
				CLANG_ANALYZER_NUMBER_OBJECT_CONVERSION = YES_AGGRESSIVE;
				CLANG_CXX_LANGUAGE_STANDARD = "gnu++20";
				CLANG_ENABLE_MODULES = YES;
				CLANG_ENABLE_OBJC_ARC = YES;
				CLANG_ENABLE_OBJC_WEAK = YES;
				CLANG_WARN_BLOCK_CAPTURE_AUTORELEASING = YES;
				CLANG_WARN_BOOL_CONVERSION = YES;
				CLANG_WARN_COMMA = YES;
				CLANG_WARN_CONSTANT_CONVERSION = YES;
				CLANG_WARN_DEPRECATED_OBJC_IMPLEMENTATIONS = YES;
				CLANG_WARN_DIRECT_OBJC_ISA_USAGE = YES_ERROR;
				CLANG_WARN_DOCUMENTATION_COMMENTS = YES;
				CLANG_WARN_EMPTY_BODY = YES;
				CLANG_WARN_ENUM_CONVERSION = YES;
				CLANG_WARN_INFINITE_RECURSION = YES;
				CLANG_WARN_INT_CONVERSION = YES;
				CLANG_WARN_NON_LITERAL_NULL_CONVERSION = YES;
				CLANG_WARN_OBJC_IMPLICIT_RETAIN_SELF = YES;
				CLANG_WARN_OBJC_LITERAL_CONVERSION = YES;
				CLANG_WARN_OBJC_ROOT_CLASS = YES_ERROR;
				CLANG_WARN_QUOTED_INCLUDE_IN_FRAMEWORK_HEADER = YES;
				CLANG_WARN_RANGE_LOOP_ANALYSIS = YES;
				CLANG_WARN_STRICT_PROTOTYPES = YES;
				CLANG_WARN_SUSPICIOUS_MOVE = YES;
				CLANG_WARN_UNGUARDED_AVAILABILITY = YES_AGGRESSIVE;
				CLANG_WARN_UNREACHABLE_CODE = YES;
				CLANG_WARN__DUPLICATE_METHOD_MATCH = YES;
				COPY_PHASE_STRIP = NO;
				DEBUG_INFORMATION_FORMAT = dwarf;
				ENABLE_STRICT_OBJC_MSGSEND = YES;
				ENABLE_TESTABILITY = YES;
				GCC_C_LANGUAGE_STANDARD = gnu11;
				GCC_DYNAMIC_NO_PIC = NO;
				GCC_NO_COMMON_BLOCKS = YES;
				GCC_OPTIMIZATION_LEVEL = 0;
				GCC_PREPROCESSOR_DEFINITIONS = (
					"DEBUG=1",
					"$(inherited)",
				);
				GCC_WARN_64_TO_32_BIT_CONVERSION = YES;
				GCC_WARN_ABOUT_RETURN_TYPE = YES_ERROR;
				GCC_WARN_UNDECLARED_SELECTOR = YES;
				GCC_WARN_UNINITIALIZED_AUTOS = YES_AGGRESSIVE;
				GCC_WARN_UNUSED_FUNCTION = YES;
				GCC_WARN_UNUSED_VARIABLE = YES;
				IPHONEOS_DEPLOYMENT_TARGET = 16.2;
				MTL_ENABLE_DEBUG_INFO = INCLUDE_SOURCE;
				MTL_FAST_MATH = YES;
				ONLY_ACTIVE_ARCH = YES;
				SDKROOT = iphoneos;
				SWIFT_ACTIVE_COMPILATION_CONDITIONS = DEBUG;
				SWIFT_OPTIMIZATION_LEVEL = "-Onone";
			};
			name = Debug;
		};
		A9E5E538298EDE600065F434 /* Release */ = {
			isa = XCBuildConfiguration;
			buildSettings = {
				ALWAYS_SEARCH_USER_PATHS = NO;
				CLANG_ANALYZER_NONNULL = YES;
				CLANG_ANALYZER_NUMBER_OBJECT_CONVERSION = YES_AGGRESSIVE;
				CLANG_CXX_LANGUAGE_STANDARD = "gnu++20";
				CLANG_ENABLE_MODULES = YES;
				CLANG_ENABLE_OBJC_ARC = YES;
				CLANG_ENABLE_OBJC_WEAK = YES;
				CLANG_WARN_BLOCK_CAPTURE_AUTORELEASING = YES;
				CLANG_WARN_BOOL_CONVERSION = YES;
				CLANG_WARN_COMMA = YES;
				CLANG_WARN_CONSTANT_CONVERSION = YES;
				CLANG_WARN_DEPRECATED_OBJC_IMPLEMENTATIONS = YES;
				CLANG_WARN_DIRECT_OBJC_ISA_USAGE = YES_ERROR;
				CLANG_WARN_DOCUMENTATION_COMMENTS = YES;
				CLANG_WARN_EMPTY_BODY = YES;
				CLANG_WARN_ENUM_CONVERSION = YES;
				CLANG_WARN_INFINITE_RECURSION = YES;
				CLANG_WARN_INT_CONVERSION = YES;
				CLANG_WARN_NON_LITERAL_NULL_CONVERSION = YES;
				CLANG_WARN_OBJC_IMPLICIT_RETAIN_SELF = YES;
				CLANG_WARN_OBJC_LITERAL_CONVERSION = YES;
				CLANG_WARN_OBJC_ROOT_CLASS = YES_ERROR;
				CLANG_WARN_QUOTED_INCLUDE_IN_FRAMEWORK_HEADER = YES;
				CLANG_WARN_RANGE_LOOP_ANALYSIS = YES;
				CLANG_WARN_STRICT_PROTOTYPES = YES;
				CLANG_WARN_SUSPICIOUS_MOVE = YES;
				CLANG_WARN_UNGUARDED_AVAILABILITY = YES_AGGRESSIVE;
				CLANG_WARN_UNREACHABLE_CODE = YES;
				CLANG_WARN__DUPLICATE_METHOD_MATCH = YES;
				COPY_PHASE_STRIP = NO;
				DEBUG_INFORMATION_FORMAT = "dwarf-with-dsym";
				ENABLE_NS_ASSERTIONS = NO;
				ENABLE_STRICT_OBJC_MSGSEND = YES;
				GCC_C_LANGUAGE_STANDARD = gnu11;
				GCC_NO_COMMON_BLOCKS = YES;
				GCC_WARN_64_TO_32_BIT_CONVERSION = YES;
				GCC_WARN_ABOUT_RETURN_TYPE = YES_ERROR;
				GCC_WARN_UNDECLARED_SELECTOR = YES;
				GCC_WARN_UNINITIALIZED_AUTOS = YES_AGGRESSIVE;
				GCC_WARN_UNUSED_FUNCTION = YES;
				GCC_WARN_UNUSED_VARIABLE = YES;
				IPHONEOS_DEPLOYMENT_TARGET = 16.2;
				MTL_ENABLE_DEBUG_INFO = NO;
				MTL_FAST_MATH = YES;
				SDKROOT = iphoneos;
				SWIFT_COMPILATION_MODE = wholemodule;
				SWIFT_OPTIMIZATION_LEVEL = "-O";
				VALIDATE_PRODUCT = YES;
			};
			name = Release;
		};
		A9E5E53A298EDE600065F434 /* Debug */ = {
			isa = XCBuildConfiguration;
			buildSettings = {
				ASSETCATALOG_COMPILER_APPICON_NAME = AppIcon;
				ASSETCATALOG_COMPILER_GLOBAL_ACCENT_COLOR_NAME = AccentColor;
				CODE_SIGN_STYLE = Automatic;
				CURRENT_PROJECT_VERSION = 1;
				DEVELOPMENT_ASSET_PATHS = "\"ShareTech/Preview Content\"";
				DEVELOPMENT_TEAM = 3CK29B76Z7;
				ENABLE_PREVIEWS = YES;
				GENERATE_INFOPLIST_FILE = YES;
				INFOPLIST_KEY_UIApplicationSceneManifest_Generation = YES;
				INFOPLIST_KEY_UIApplicationSupportsIndirectInputEvents = YES;
				INFOPLIST_KEY_UILaunchScreen_Generation = YES;
				INFOPLIST_KEY_UISupportedInterfaceOrientations_iPad = "UIInterfaceOrientationPortrait UIInterfaceOrientationPortraitUpsideDown UIInterfaceOrientationLandscapeLeft UIInterfaceOrientationLandscapeRight";
				INFOPLIST_KEY_UISupportedInterfaceOrientations_iPhone = "UIInterfaceOrientationPortrait UIInterfaceOrientationLandscapeLeft UIInterfaceOrientationLandscapeRight";
				LD_RUNPATH_SEARCH_PATHS = (
					"$(inherited)",
					"@executable_path/Frameworks",
				);
				MARKETING_VERSION = 1.0;
				PRODUCT_BUNDLE_IDENTIFIER = me.bhatt.bhavik.ShareTech;
				PRODUCT_NAME = "$(TARGET_NAME)";
				SWIFT_EMIT_LOC_STRINGS = YES;
				SWIFT_VERSION = 5.0;
				TARGETED_DEVICE_FAMILY = "1,2";
			};
			name = Debug;
		};
		A9E5E53B298EDE600065F434 /* Release */ = {
			isa = XCBuildConfiguration;
			buildSettings = {
				ASSETCATALOG_COMPILER_APPICON_NAME = AppIcon;
				ASSETCATALOG_COMPILER_GLOBAL_ACCENT_COLOR_NAME = AccentColor;
				CODE_SIGN_STYLE = Automatic;
				CURRENT_PROJECT_VERSION = 1;
				DEVELOPMENT_ASSET_PATHS = "\"ShareTech/Preview Content\"";
				DEVELOPMENT_TEAM = 3CK29B76Z7;
				ENABLE_PREVIEWS = YES;
				GENERATE_INFOPLIST_FILE = YES;
				INFOPLIST_KEY_UIApplicationSceneManifest_Generation = YES;
				INFOPLIST_KEY_UIApplicationSupportsIndirectInputEvents = YES;
				INFOPLIST_KEY_UILaunchScreen_Generation = YES;
				INFOPLIST_KEY_UISupportedInterfaceOrientations_iPad = "UIInterfaceOrientationPortrait UIInterfaceOrientationPortraitUpsideDown UIInterfaceOrientationLandscapeLeft UIInterfaceOrientationLandscapeRight";
				INFOPLIST_KEY_UISupportedInterfaceOrientations_iPhone = "UIInterfaceOrientationPortrait UIInterfaceOrientationLandscapeLeft UIInterfaceOrientationLandscapeRight";
				LD_RUNPATH_SEARCH_PATHS = (
					"$(inherited)",
					"@executable_path/Frameworks",
				);
				MARKETING_VERSION = 1.0;
				PRODUCT_BUNDLE_IDENTIFIER = me.bhatt.bhavik.ShareTech;
				PRODUCT_NAME = "$(TARGET_NAME)";
				SWIFT_EMIT_LOC_STRINGS = YES;
				SWIFT_VERSION = 5.0;
				TARGETED_DEVICE_FAMILY = "1,2";
			};
			name = Release;
		};
/* End XCBuildConfiguration section */

/* Begin XCConfigurationList section */
		A9E5E526298EDE5E0065F434 /* Build configuration list for PBXProject "ShareTech" */ = {
			isa = XCConfigurationList;
			buildConfigurations = (
				A9E5E537298EDE600065F434 /* Debug */,
				A9E5E538298EDE600065F434 /* Release */,
			);
			defaultConfigurationIsVisible = 0;
			defaultConfigurationName = Release;
		};
		A9E5E539298EDE600065F434 /* Build configuration list for PBXNativeTarget "ShareTech" */ = {
			isa = XCConfigurationList;
			buildConfigurations = (
				A9E5E53A298EDE600065F434 /* Debug */,
				A9E5E53B298EDE600065F434 /* Release */,
			);
			defaultConfigurationIsVisible = 0;
			defaultConfigurationName = Release;
		};
/* End XCConfigurationList section */

/* Begin XCRemoteSwiftPackageReference section */
		A924384C299101390087B108 /* XCRemoteSwiftPackageReference "SDWebImageSwiftUI" */ = {
			isa = XCRemoteSwiftPackageReference;
			repositoryURL = "https://github.com/SDWebImage/SDWebImageSwiftUI";
			requirement = {
				branch = master;
				kind = branch;
			};
		};
		A9726A5729962AB700A26ABC /* XCRemoteSwiftPackageReference "firebase-ios-sdk" */ = {
			isa = XCRemoteSwiftPackageReference;
			repositoryURL = "https://github.com/firebase/firebase-ios-sdk.git";
			requirement = {
				kind = upToNextMajorVersion;
				minimumVersion = 8.4.0;
			};
		};
/* End XCRemoteSwiftPackageReference section */

/* Begin XCSwiftPackageProductDependency section */
		A924384D299101390087B108 /* SDWebImageSwiftUI */ = {
			isa = XCSwiftPackageProductDependency;
			package = A924384C299101390087B108 /* XCRemoteSwiftPackageReference "SDWebImageSwiftUI" */;
			productName = SDWebImageSwiftUI;
		};
		A9726A5829962AB700A26ABC /* FirebaseAuth */ = {
			isa = XCSwiftPackageProductDependency;
			package = A9726A5729962AB700A26ABC /* XCRemoteSwiftPackageReference "firebase-ios-sdk" */;
			productName = FirebaseAuth;
		};
		A9726A5A29962AB700A26ABC /* FirebaseFirestore */ = {
			isa = XCSwiftPackageProductDependency;
			package = A9726A5729962AB700A26ABC /* XCRemoteSwiftPackageReference "firebase-ios-sdk" */;
			productName = FirebaseFirestore;
		};
		A9726A5C29962AB700A26ABC /* FirebaseFirestoreSwift-Beta */ = {
			isa = XCSwiftPackageProductDependency;
			package = A9726A5729962AB700A26ABC /* XCRemoteSwiftPackageReference "firebase-ios-sdk" */;
			productName = "FirebaseFirestoreSwift-Beta";
		};
		A9726A5E29962AB700A26ABC /* FirebaseStorage */ = {
			isa = XCSwiftPackageProductDependency;
			package = A9726A5729962AB700A26ABC /* XCRemoteSwiftPackageReference "firebase-ios-sdk" */;
			productName = FirebaseStorage;
		};
/* End XCSwiftPackageProductDependency section */
	};
	rootObject = A9E5E523298EDE5E0065F434 /* Project object */;
}
